
Microsoft Visual Studio Solution File, Format Version 12.00
# Visual Studio Version 16
VisualStudioVersion = 16.0.31727.386
MinimumVisualStudioVersion = 10.0.40219.1
Project("{FAE04EC0-301F-11D3-BF4B-00C04F79EFBC}") = "Average", "HomeWork5\Average.csproj", "{9B9EDD64-EBAD-46E9-802A-469F150DA673}"
EndProject
Project("{FAE04EC0-301F-11D3-BF4B-00C04F79EFBC}") = "MinMax", "MinMax\MinMax.csproj", "{D5589595-3F30-4257-B372-038F7DFB5570}"
EndProject
Project("{FAE04EC0-301F-11D3-BF4B-00C04F79EFBC}") = "Fist5_Second5", "Fist5_Second5\Fist5_Second5.csproj", "{F4F6D3CA-D489-4132-905F-829B56A75558}"
EndProject
Global
	GlobalSection(SolutionConfigurationPlatforms) = preSolution
		Debug|Any CPU = Debug|Any CPU
		Release|Any CPU = Release|Any CPU
	EndGlobalSection
	GlobalSection(ProjectConfigurationPlatforms) = postSolution
		{9B9EDD64-EBAD-46E9-802A-469F150DA673}.Debug|Any CPU.ActiveCfg = Debug|Any CPU
		{9B9EDD64-EBAD-46E9-802A-469F150DA673}.Debug|Any CPU.Build.0 = Debug|Any CPU
		{9B9EDD64-EBAD-46E9-802A-469F150DA673}.Release|Any CPU.ActiveCfg = Release|Any CPU
		{9B9EDD64-EBAD-46E9-802A-469F150DA673}.Release|Any CPU.Build.0 = Release|Any CPU
		{D5589595-3F30-4257-B372-038F7DFB5570}.Debug|Any CPU.ActiveCfg = Debug|Any CPU
		{D5589595-3F30-4257-B372-038F7DFB5570}.Debug|Any CPU.Build.0 = Debug|Any CPU
		{D5589595-3F30-4257-B372-038F7DFB5570}.Release|Any CPU.ActiveCfg = Release|Any CPU
		{D5589595-3F30-4257-B372-038F7DFB5570}.Release|Any CPU.Build.0 = Release|Any CPU
		{F4F6D3CA-D489-4132-905F-829B56A75558}.Debug|Any CPU.ActiveCfg = Debug|Any CPU
		{F4F6D3CA-D489-4132-905F-829B56A75558}.Debug|Any CPU.Build.0 = Debug|Any CPU
		{F4F6D3CA-D489-4132-905F-829B56A75558}.Release|Any CPU.ActiveCfg = Release|Any CPU
		{F4F6D3CA-D489-4132-905F-829B56A75558}.Release|Any CPU.Build.0 = Release|Any CPU
	EndGlobalSection
	GlobalSection(SolutionProperties) = preSolution
		HideSolutionNode = FALSE
	EndGlobalSection
	GlobalSection(ExtensibilityGlobals) = postSolution
		SolutionGuid = {50E5DD39-BF2B-4B87-AFC9-367DA845F9BF}
	EndGlobalSection
EndGlobal
